{
  "version": 4,
  "terraform_version": "1.11.3",
  "serial": 4,
  "lineage": "38d41583-cfd8-a611-169a-2f50f0c9e4da",
  "outputs": {},
  "resources": [
    {
      "mode": "managed",
      "type": "azurerm_app_service",
      "name": "default",
      "provider": "provider[\"registry.terraform.io/hashicorp/azurerm\"]",
      "instances": [
        {
          "schema_version": 0,
          "attributes": {
            "app_service_plan_id": "/subscriptions/f176ca36-08df-493c-a336-112706ca6f3c/resourceGroups/sabor-caseiro/providers/Microsoft.Web/serverFarms/asp-sabor-caseiro",
            "app_settings": {
              "WEBSITE_RUN_FROM_PACKAGE": "0"
            },
            "auth_settings": [
              {
                "active_directory": [],
                "additional_login_params": {},
                "allowed_external_redirect_urls": [],
                "default_provider": "",
                "enabled": false,
                "facebook": [],
                "google": [],
                "issuer": "",
                "microsoft": [],
                "runtime_version": "",
                "token_refresh_extension_hours": 0,
                "token_store_enabled": false,
                "twitter": [],
                "unauthenticated_client_action": ""
              }
            ],
            "backup": [],
            "client_affinity_enabled": false,
            "client_cert_enabled": false,
            "client_cert_mode": "Required",
            "connection_string": [],
            "custom_domain_verification_id": "F47988E7CC603E090CFE9F512BD285491C573541FE9477E4FA53ABC881EC54A9",
            "default_site_hostname": "webapp-sabor-caseiro.azurewebsites.net",
            "enabled": true,
            "https_only": false,
            "id": "/subscriptions/f176ca36-08df-493c-a336-112706ca6f3c/resourceGroups/sabor-caseiro/providers/Microsoft.Web/sites/webapp-sabor-caseiro",
            "identity": [],
            "key_vault_reference_identity_id": "SystemAssigned",
            "location": "eastus",
            "logs": [
              {
                "application_logs": [
                  {
                    "azure_blob_storage": [],
                    "file_system_level": "Off"
                  }
                ],
                "detailed_error_messages_enabled": false,
                "failed_request_tracing_enabled": false,
                "http_logs": [
                  {
                    "azure_blob_storage": [],
                    "file_system": []
                  }
                ]
              }
            ],
            "name": "webapp-sabor-caseiro",
            "outbound_ip_address_list": [
              "20.81.105.254",
              "52.226.236.237",
              "52.226.237.53",
              "52.226.238.54",
              "52.226.238.72",
              "52.226.238.138",
              "20.119.16.5"
            ],
            "outbound_ip_addresses": "20.81.105.254,52.226.236.237,52.226.237.53,52.226.238.54,52.226.238.72,52.226.238.138,20.119.16.5",
            "possible_outbound_ip_address_list": [
              "20.81.105.254",
              "52.226.236.237",
              "52.226.237.53",
              "52.226.238.54",
              "52.226.238.72",
              "52.226.238.138",
              "52.226.238.221",
              "52.226.238.249",
              "52.226.239.15",
              "52.226.239.144",
              "52.226.239.238",
              "20.119.112.17",
              "20.119.112.26",
              "20.81.107.109",
              "20.119.112.86",
              "20.119.112.97",
              "20.81.105.7",
              "20.119.112.146",
              "20.119.112.178",
              "20.119.112.200",
              "20.119.112.242",
              "52.226.232.87",
              "52.226.233.137",
              "20.119.112.246",
              "20.119.16.5"
            ],
            "possible_outbound_ip_addresses": "20.81.105.254,52.226.236.237,52.226.237.53,52.226.238.54,52.226.238.72,52.226.238.138,52.226.238.221,52.226.238.249,52.226.239.15,52.226.239.144,52.226.239.238,20.119.112.17,20.119.112.26,20.81.107.109,20.119.112.86,20.119.112.97,20.81.105.7,20.119.112.146,20.119.112.178,20.119.112.200,20.119.112.242,52.226.232.87,52.226.233.137,20.119.112.246,20.119.16.5",
            "resource_group_name": "sabor-caseiro",
            "site_config": [
              {
                "acr_use_managed_identity_credentials": false,
                "acr_user_managed_identity_client_id": "",
                "always_on": false,
                "app_command_line": "",
                "auto_swap_slot_name": "",
                "cors": [
                  {
                    "allowed_origins": [],
                    "support_credentials": false
                  }
                ],
                "default_documents": null,
                "dotnet_framework_version": "v4.0",
                "ftps_state": "FtpsOnly",
                "health_check_path": "",
                "http2_enabled": false,
                "ip_restriction": [],
                "java_container": "",
                "java_container_version": "",
                "java_version": "",
                "linux_fx_version": "NODE|18-lts",
                "local_mysql_enabled": false,
                "managed_pipeline_mode": "Integrated",
                "min_tls_version": "1.2",
                "number_of_workers": 1,
                "php_version": "",
                "python_version": "",
                "remote_debugging_enabled": false,
                "remote_debugging_version": "VS2022",
                "scm_ip_restriction": [],
                "scm_type": "None",
                "scm_use_main_ip_restriction": false,
                "use_32_bit_worker_process": false,
                "vnet_route_all_enabled": false,
                "websockets_enabled": false,
                "windows_fx_version": ""
              }
            ],
            "site_credential": [
              {
                "password": "ACodQcidZhftLY2YwFDlrXRYxozE9c6jkuEl8XQoq0mC9mfCZzy5l80M25F5",
                "username": "$webapp-sabor-caseiro"
              }
            ],
            "source_control": [
              {
                "branch": "main",
                "manual_integration": false,
                "repo_url": "",
                "rollback_enabled": false,
                "use_mercurial": false
              }
            ],
            "storage_account": [],
            "tags": null,
            "timeouts": null
          },
          "sensitive_attributes": [],
          "private": "eyJlMmJmYjczMC1lY2FhLTExZTYtOGY4OC0zNDM2M2JjN2M0YzAiOnsiY3JlYXRlIjoxODAwMDAwMDAwMDAwLCJkZWxldGUiOjE4MDAwMDAwMDAwMDAsInJlYWQiOjMwMDAwMDAwMDAwMCwidXBkYXRlIjoxODAwMDAwMDAwMDAwfX0=",
          "dependencies": [
            "azurerm_app_service_plan.default",
            "azurerm_resource_group.default"
          ]
        }
      ]
    },
    {
      "mode": "managed",
      "type": "azurerm_app_service_plan",
      "name": "default",
      "provider": "provider[\"registry.terraform.io/hashicorp/azurerm\"]",
      "instances": [
        {
          "schema_version": 1,
          "attributes": {
            "app_service_environment_id": "",
            "id": "/subscriptions/f176ca36-08df-493c-a336-112706ca6f3c/resourceGroups/sabor-caseiro/providers/Microsoft.Web/serverFarms/asp-sabor-caseiro",
            "is_xenon": false,
            "kind": "linux",
            "location": "eastus",
            "maximum_elastic_worker_count": 1,
            "maximum_number_of_workers": 3,
            "name": "asp-sabor-caseiro",
            "per_site_scaling": false,
            "reserved": true,
            "resource_group_name": "sabor-caseiro",
            "sku": [
              {
                "capacity": 1,
                "size": "B1",
                "tier": "Basic"
              }
            ],
            "tags": null,
            "timeouts": null,
            "zone_redundant": false
          },
          "sensitive_attributes": [],
          "private": "eyJlMmJmYjczMC1lY2FhLTExZTYtOGY4OC0zNDM2M2JjN2M0YzAiOnsiY3JlYXRlIjozNjAwMDAwMDAwMDAwLCJkZWxldGUiOjM2MDAwMDAwMDAwMDAsInJlYWQiOjMwMDAwMDAwMDAwMCwidXBkYXRlIjozNjAwMDAwMDAwMDAwfSwic2NoZW1hX3ZlcnNpb24iOiIxIn0=",
          "dependencies": [
            "azurerm_resource_group.default"
          ]
        }
      ]
    },
    {
      "mode": "managed",
      "type": "azurerm_resource_group",
      "name": "default",
      "provider": "provider[\"registry.terraform.io/hashicorp/azurerm\"]",
      "instances": [
        {
          "schema_version": 0,
          "attributes": {
            "id": "/subscriptions/f176ca36-08df-493c-a336-112706ca6f3c/resourceGroups/sabor-caseiro",
            "location": "eastus",
            "managed_by": "",
            "name": "sabor-caseiro",
            "tags": {},
            "timeouts": null
          },
          "sensitive_attributes": [],
          "private": "eyJlMmJmYjczMC1lY2FhLTExZTYtOGY4OC0zNDM2M2JjN2M0YzAiOnsiY3JlYXRlIjo1NDAwMDAwMDAwMDAwLCJkZWxldGUiOjU0MDAwMDAwMDAwMDAsInJlYWQiOjMwMDAwMDAwMDAwMCwidXBkYXRlIjo1NDAwMDAwMDAwMDAwfX0="
        }
      ]
    }
  ],
  "check_results": null
}
